# THIS IS AN AUTOGENERATED FILE. DO NOT EDIT THIS FILE DIRECTLY.
# yarn lockfile v1


"plio-util@https://github.com/Pliohub/plio-util.git":
  version "0.2.1"
  resolved "https://github.com/Pliohub/plio-util.git#aff0e8f458c847344fa86c87c58e11e559239f03"

ramda@^0.25.0:
  version "0.25.0"
  resolved "https://registry.yarnpkg.com/ramda/-/ramda-0.25.0.tgz#8fdf68231cffa90bc2f9460390a0cb74a29b29a9"
